
Microsoft Visual Studio Solution File, Format Version 12.00
# Visual Studio Version 17
VisualStudioVersion = 17.2.32616.157
MinimumVisualStudioVersion = 10.0.40219.1
Project("{FAE04EC0-301F-11D3-BF4B-00C04F79EFBC}") = "Day66", "Day66\Day66.csproj", "{19862376-B60A-45C8-89D6-F0B73C908D28}"
EndProject
Project("{FAE04EC0-301F-11D3-BF4B-00C04F79EFBC}") = "Day66WebSite", "Day66WebSite\Day66WebSite.csproj", "{F4B0E056-32F5-4EFB-AB8A-2781DF2F3A48}"
EndProject
Global
	GlobalSection(SolutionConfigurationPlatforms) = preSolution
		Debug|Any CPU = Debug|Any CPU
		Release|Any CPU = Release|Any CPU
	EndGlobalSection
	GlobalSection(ProjectConfigurationPlatforms) = postSolution
		{19862376-B60A-45C8-89D6-F0B73C908D28}.Debug|Any CPU.ActiveCfg = Debug|Any CPU
		{19862376-B60A-45C8-89D6-F0B73C908D28}.Debug|Any CPU.Build.0 = Debug|Any CPU
		{19862376-B60A-45C8-89D6-F0B73C908D28}.Release|Any CPU.ActiveCfg = Release|Any CPU
		{19862376-B60A-45C8-89D6-F0B73C908D28}.Release|Any CPU.Build.0 = Release|Any CPU
		{F4B0E056-32F5-4EFB-AB8A-2781DF2F3A48}.Debug|Any CPU.ActiveCfg = Debug|Any CPU
		{F4B0E056-32F5-4EFB-AB8A-2781DF2F3A48}.Debug|Any CPU.Build.0 = Debug|Any CPU
		{F4B0E056-32F5-4EFB-AB8A-2781DF2F3A48}.Release|Any CPU.ActiveCfg = Release|Any CPU
		{F4B0E056-32F5-4EFB-AB8A-2781DF2F3A48}.Release|Any CPU.Build.0 = Release|Any CPU
	EndGlobalSection
	GlobalSection(SolutionProperties) = preSolution
		HideSolutionNode = FALSE
	EndGlobalSection
	GlobalSection(ExtensibilityGlobals) = postSolution
		SolutionGuid = {84FFB325-6F67-4BF3-8190-DF7038E2FDAF}
	EndGlobalSection
EndGlobal
